
Microsoft Visual Studio Solution File, Format Version 12.00
# Visual Studio Version 17
VisualStudioVersion = 17.11.35303.130
MinimumVisualStudioVersion = 10.0.40219.1
Project("{8BC9CEB8-8B4A-11D0-8D11-00A0C91BC942}") = "Lab_07.1rc", "Lab_07.1rc\Lab_07.1rc.vcxproj", "{1B1E3F1D-5E46-44F4-8298-303D8DC02117}"
EndProject
Global
	GlobalSection(SolutionConfigurationPlatforms) = preSolution
		Debug|x64 = Debug|x64
		Debug|x86 = Debug|x86
		Release|x64 = Release|x64
		Release|x86 = Release|x86
	EndGlobalSection
	GlobalSection(ProjectConfigurationPlatforms) = postSolution
		{1B1E3F1D-5E46-44F4-8298-303D8DC02117}.Debug|x64.ActiveCfg = Debug|x64
		{1B1E3F1D-5E46-44F4-8298-303D8DC02117}.Debug|x64.Build.0 = Debug|x64
		{1B1E3F1D-5E46-44F4-8298-303D8DC02117}.Debug|x86.ActiveCfg = Debug|Win32
		{1B1E3F1D-5E46-44F4-8298-303D8DC02117}.Debug|x86.Build.0 = Debug|Win32
		{1B1E3F1D-5E46-44F4-8298-303D8DC02117}.Release|x64.ActiveCfg = Release|x64
		{1B1E3F1D-5E46-44F4-8298-303D8DC02117}.Release|x64.Build.0 = Release|x64
		{1B1E3F1D-5E46-44F4-8298-303D8DC02117}.Release|x86.ActiveCfg = Release|Win32
		{1B1E3F1D-5E46-44F4-8298-303D8DC02117}.Release|x86.Build.0 = Release|Win32
	EndGlobalSection
	GlobalSection(SolutionProperties) = preSolution
		HideSolutionNode = FALSE
	EndGlobalSection
	GlobalSection(ExtensibilityGlobals) = postSolution
		SolutionGuid = {206C27CE-05D6-47D9-9D29-34715E6140A1}
	EndGlobalSection
EndGlobal
